// !$*UTF8*$!
{
	archiveVersion = 1;
	classes = {
	};
	objectVersion = 50;
	objects = {

/* Begin PBXBuildFile section */
		13013EE323457DD900D09F8C /* shelters_locations.csv in Resources */ = {isa = PBXBuildFile; fileRef = 13013EE223457DD900D09F8C /* shelters_locations.csv */; };
		131385E12286B5DD003E6D62 /* toilets_locations.csv in Resources */ = {isa = PBXBuildFile; fileRef = 131385E02286B5DD003E6D62 /* toilets_locations.csv */; };
		1367365722BB99C8004E6E0D /* InfoViewController.swift in Sources */ = {isa = PBXBuildFile; fileRef = 1367365622BB99C8004E6E0D /* InfoViewController.swift */; };
		137330C822B334F800889E6F /* AlertDetailController.swift in Sources */ = {isa = PBXBuildFile; fileRef = 137330C722B334F800889E6F /* AlertDetailController.swift */; };
		139ED4ED227EE0D800B3AAC3 /* buildings_locations.csv in Resources */ = {isa = PBXBuildFile; fileRef = 139ED4EC227EE0D800B3AAC3 /* buildings_locations.csv */; };
		13BC4FC622588FF3003C240D /* WebKit.framework in Frameworks */ = {isa = PBXBuildFile; fileRef = 13BC4FC522588FF3003C240D /* WebKit.framework */; };
		13BC4FC822589396003C240D /* MapKit.framework in Frameworks */ = {isa = PBXBuildFile; fileRef = 13BC4FC722589396003C240D /* MapKit.framework */; };
		13BC4FCA22589B35003C240D /* MapViewController.swift in Sources */ = {isa = PBXBuildFile; fileRef = 13BC4FC922589B35003C240D /* MapViewController.swift */; };
		13C4867D22D0722800536310 /* webcams_locations.csv in Resources */ = {isa = PBXBuildFile; fileRef = 13C4867C22D0722800536310 /* webcams_locations.csv */; };
		13C4867F22D07B0500536310 /* IinamiViewController.swift in Sources */ = {isa = PBXBuildFile; fileRef = 13C4867E22D07B0500536310 /* IinamiViewController.swift */; };
		13C4BDA121F47C1A00060742 /* AppDelegate.swift in Sources */ = {isa = PBXBuildFile; fileRef = 13C4BDA021F47C1A00060742 /* AppDelegate.swift */; };
		13C4BDA321F47C1A00060742 /* AlertsViewController.swift in Sources */ = {isa = PBXBuildFile; fileRef = 13C4BDA221F47C1A00060742 /* AlertsViewController.swift */; };
		13C4BDA521F47C1A00060742 /* HinataViewController.swift in Sources */ = {isa = PBXBuildFile; fileRef = 13C4BDA421F47C1A00060742 /* HinataViewController.swift */; };
		13C4BDA821F47C1A00060742 /* Main.storyboard in Resources */ = {isa = PBXBuildFile; fileRef = 13C4BDA621F47C1A00060742 /* Main.storyboard */; };
		13C4BDAA21F47C1D00060742 /* Assets.xcassets in Resources */ = {isa = PBXBuildFile; fileRef = 13C4BDA921F47C1D00060742 /* Assets.xcassets */; };
		13C4BDAD21F47C1D00060742 /* LaunchScreen.storyboard in Resources */ = {isa = PBXBuildFile; fileRef = 13C4BDAB21F47C1D00060742 /* LaunchScreen.storyboard */; };
		13C4BDB821F47C1E00060742 /* _6_earthquakeTests.swift in Sources */ = {isa = PBXBuildFile; fileRef = 13C4BDB721F47C1E00060742 /* _6_earthquakeTests.swift */; };
		13C4BDC321F47C1E00060742 /* _6_earthquakeUITests.swift in Sources */ = {isa = PBXBuildFile; fileRef = 13C4BDC221F47C1E00060742 /* _6_earthquakeUITests.swift */; };
/* End PBXBuildFile section */

/* Begin PBXContainerItemProxy section */
		13C4BDB421F47C1E00060742 /* PBXContainerItemProxy */ = {
			isa = PBXContainerItemProxy;
			containerPortal = 13C4BD9521F47C1A00060742 /* Project object */;
			proxyType = 1;
			remoteGlobalIDString = 13C4BD9C21F47C1A00060742;
			remoteInfo = "06-earthquake";
		};
		13C4BDBF21F47C1E00060742 /* PBXContainerItemProxy */ = {
			isa = PBXContainerItemProxy;
			containerPortal = 13C4BD9521F47C1A00060742 /* Project object */;
			proxyType = 1;
			remoteGlobalIDString = 13C4BD9C21F47C1A00060742;
			remoteInfo = "06-earthquake";
		};
/* End PBXContainerItemProxy section */

/* Begin PBXFileReference section */
		13013EE223457DD900D09F8C /* shelters_locations.csv */ = {isa = PBXFileReference; fileEncoding = 4; lastKnownFileType = text; path = shelters_locations.csv; sourceTree = "<group>"; };
		131385E02286B5DD003E6D62 /* toilets_locations.csv */ = {isa = PBXFileReference; fileEncoding = 4; lastKnownFileType = text; path = toilets_locations.csv; sourceTree = "<group>"; };
		131CD1F722E6C85900AC3008 /* 宮崎津波防災.entitlements */ = {isa = PBXFileReference; lastKnownFileType = text.plist.entitlements; path = "宮崎津波防災.entitlements"; sourceTree = "<group>"; };
		1367365622BB99C8004E6E0D /* InfoViewController.swift */ = {isa = PBXFileReference; lastKnownFileType = sourcecode.swift; path = InfoViewController.swift; sourceTree = "<group>"; };
		137330C722B334F800889E6F /* AlertDetailController.swift */ = {isa = PBXFileReference; lastKnownFileType = sourcecode.swift; path = AlertDetailController.swift; sourceTree = "<group>"; };
		139ED4EC227EE0D800B3AAC3 /* buildings_locations.csv */ = {isa = PBXFileReference; fileEncoding = 4; lastKnownFileType = text; path = buildings_locations.csv; sourceTree = "<group>"; };
		13BC4FC522588FF3003C240D /* WebKit.framework */ = {isa = PBXFileReference; lastKnownFileType = wrapper.framework; name = WebKit.framework; path = System/Library/Frameworks/WebKit.framework; sourceTree = SDKROOT; };
		13BC4FC722589396003C240D /* MapKit.framework */ = {isa = PBXFileReference; lastKnownFileType = wrapper.framework; name = MapKit.framework; path = System/Library/Frameworks/MapKit.framework; sourceTree = SDKROOT; };
		13BC4FC922589B35003C240D /* MapViewController.swift */ = {isa = PBXFileReference; lastKnownFileType = sourcecode.swift; path = MapViewController.swift; sourceTree = "<group>"; };
		13C4867C22D0722800536310 /* webcams_locations.csv */ = {isa = PBXFileReference; lastKnownFileType = text; path = webcams_locations.csv; sourceTree = "<group>"; };
		13C4867E22D07B0500536310 /* IinamiViewController.swift */ = {isa = PBXFileReference; lastKnownFileType = sourcecode.swift; path = IinamiViewController.swift; sourceTree = "<group>"; };
		13C4BD9D21F47C1A00060742 /* 宮崎津波防災.app */ = {isa = PBXFileReference; explicitFileType = wrapper.application; includeInIndex = 0; path = "宮崎津波防災.app"; sourceTree = BUILT_PRODUCTS_DIR; };
		13C4BDA021F47C1A00060742 /* AppDelegate.swift */ = {isa = PBXFileReference; lastKnownFileType = sourcecode.swift; path = AppDelegate.swift; sourceTree = "<group>"; };
		13C4BDA221F47C1A00060742 /* AlertsViewController.swift */ = {isa = PBXFileReference; lastKnownFileType = sourcecode.swift; path = AlertsViewController.swift; sourceTree = "<group>"; };
		13C4BDA421F47C1A00060742 /* HinataViewController.swift */ = {isa = PBXFileReference; lastKnownFileType = sourcecode.swift; path = HinataViewController.swift; sourceTree = "<group>"; };
		13C4BDA721F47C1A00060742 /* Base */ = {isa = PBXFileReference; lastKnownFileType = file.storyboard; name = Base; path = Base.lproj/Main.storyboard; sourceTree = "<group>"; };
		13C4BDA921F47C1D00060742 /* Assets.xcassets */ = {isa = PBXFileReference; lastKnownFileType = folder.assetcatalog; path = Assets.xcassets; sourceTree = "<group>"; };
		13C4BDAC21F47C1D00060742 /* Base */ = {isa = PBXFileReference; lastKnownFileType = file.storyboard; name = Base; path = Base.lproj/LaunchScreen.storyboard; sourceTree = "<group>"; };
		13C4BDAE21F47C1D00060742 /* Info.plist */ = {isa = PBXFileReference; lastKnownFileType = text.plist.xml; path = Info.plist; sourceTree = "<group>"; };
		13C4BDB321F47C1E00060742 /* 06-earthquakeTests.xctest */ = {isa = PBXFileReference; explicitFileType = wrapper.cfbundle; includeInIndex = 0; path = "06-earthquakeTests.xctest"; sourceTree = BUILT_PRODUCTS_DIR; };
		13C4BDB721F47C1E00060742 /* _6_earthquakeTests.swift */ = {isa = PBXFileReference; lastKnownFileType = sourcecode.swift; path = _6_earthquakeTests.swift; sourceTree = "<group>"; };
		13C4BDB921F47C1E00060742 /* Info.plist */ = {isa = PBXFileReference; lastKnownFileType = text.plist.xml; path = Info.plist; sourceTree = "<group>"; };
		13C4BDBE21F47C1E00060742 /* 06-earthquakeUITests.xctest */ = {isa = PBXFileReference; explicitFileType = wrapper.cfbundle; includeInIndex = 0; path = "06-earthquakeUITests.xctest"; sourceTree = BUILT_PRODUCTS_DIR; };
		13C4BDC221F47C1E00060742 /* _6_earthquakeUITests.swift */ = {isa = PBXFileReference; lastKnownFileType = sourcecode.swift; path = _6_earthquakeUITests.swift; sourceTree = "<group>"; };
		13C4BDC421F47C1E00060742 /* Info.plist */ = {isa = PBXFileReference; lastKnownFileType = text.plist.xml; path = Info.plist; sourceTree = "<group>"; };
/* End PBXFileReference section */

/* Begin PBXFrameworksBuildPhase section */
		13C4BD9A21F47C1A00060742 /* Frameworks */ = {
			isa = PBXFrameworksBuildPhase;
			buildActionMask = 2147483647;
			files = (
				13BC4FC822589396003C240D /* MapKit.framework in Frameworks */,
				13BC4FC622588FF3003C240D /* WebKit.framework in Frameworks */,
			);
			runOnlyForDeploymentPostprocessing = 0;
		};
		13C4BDB021F47C1E00060742 /* Frameworks */ = {
			isa = PBXFrameworksBuildPhase;
			buildActionMask = 2147483647;
			files = (
			);
			runOnlyForDeploymentPostprocessing = 0;
		};
		13C4BDBB21F47C1E00060742 /* Frameworks */ = {
			isa = PBXFrameworksBuildPhase;
			buildActionMask = 2147483647;
			files = (
			);
			runOnlyForDeploymentPostprocessing = 0;
		};
/* End PBXFrameworksBuildPhase section */

/* Begin PBXGroup section */
		13BC4FC422588FF3003C240D /* Frameworks */ = {
			isa = PBXGroup;
			children = (
				13BC4FC722589396003C240D /* MapKit.framework */,
				13BC4FC522588FF3003C240D /* WebKit.framework */,
			);
			name = Frameworks;
			sourceTree = "<group>";
		};
		13C4BD9421F47C1A00060742 = {
			isa = PBXGroup;
			children = (
				13C4BD9F21F47C1A00060742 /* 06-earthquake */,
				13C4BDB621F47C1E00060742 /* 06-earthquakeTests */,
				13C4BDC121F47C1E00060742 /* 06-earthquakeUITests */,
				13C4BD9E21F47C1A00060742 /* Products */,
				13BC4FC422588FF3003C240D /* Frameworks */,
			);
			sourceTree = "<group>";
		};
		13C4BD9E21F47C1A00060742 /* Products */ = {
			isa = PBXGroup;
			children = (
				13C4BD9D21F47C1A00060742 /* 宮崎津波防災.app */,
				13C4BDB321F47C1E00060742 /* 06-earthquakeTests.xctest */,
				13C4BDBE21F47C1E00060742 /* 06-earthquakeUITests.xctest */,
			);
			name = Products;
			sourceTree = "<group>";
		};
		13C4BD9F21F47C1A00060742 /* 06-earthquake */ = {
			isa = PBXGroup;
			children = (
				131CD1F722E6C85900AC3008 /* 宮崎津波防災.entitlements */,
				139ED4EC227EE0D800B3AAC3 /* buildings_locations.csv */,
				13013EE223457DD900D09F8C /* shelters_locations.csv */,
				131385E02286B5DD003E6D62 /* toilets_locations.csv */,
				13C4867C22D0722800536310 /* webcams_locations.csv */,
				13C4BDA021F47C1A00060742 /* AppDelegate.swift */,
				13C4BDA221F47C1A00060742 /* AlertsViewController.swift */,
				137330C722B334F800889E6F /* AlertDetailController.swift */,
				13C4BDA421F47C1A00060742 /* HinataViewController.swift */,
				13BC4FC922589B35003C240D /* MapViewController.swift */,
				13C4BDA621F47C1A00060742 /* Main.storyboard */,
				13C4BDA921F47C1D00060742 /* Assets.xcassets */,
				13C4BDAB21F47C1D00060742 /* LaunchScreen.storyboard */,
				13C4BDAE21F47C1D00060742 /* Info.plist */,
				1367365622BB99C8004E6E0D /* InfoViewController.swift */,
				13C4867E22D07B0500536310 /* IinamiViewController.swift */,
			);
			path = "06-earthquake";
			sourceTree = "<group>";
		};
		13C4BDB621F47C1E00060742 /* 06-earthquakeTests */ = {
			isa = PBXGroup;
			children = (
				13C4BDB721F47C1E00060742 /* _6_earthquakeTests.swift */,
				13C4BDB921F47C1E00060742 /* Info.plist */,
			);
			path = "06-earthquakeTests";
			sourceTree = "<group>";
		};
		13C4BDC121F47C1E00060742 /* 06-earthquakeUITests */ = {
			isa = PBXGroup;
			children = (
				13C4BDC221F47C1E00060742 /* _6_earthquakeUITests.swift */,
				13C4BDC421F47C1E00060742 /* Info.plist */,
			);
			path = "06-earthquakeUITests";
			sourceTree = "<group>";
		};
/* End PBXGroup section */

/* Begin PBXNativeTarget section */
		13C4BD9C21F47C1A00060742 /* 06-earthquake */ = {
			isa = PBXNativeTarget;
			buildConfigurationList = 13C4BDC721F47C1E00060742 /* Build configuration list for PBXNativeTarget "06-earthquake" */;
			buildPhases = (
				13C4BD9921F47C1A00060742 /* Sources */,
				13C4BD9A21F47C1A00060742 /* Frameworks */,
				13C4BD9B21F47C1A00060742 /* Resources */,
			);
			buildRules = (
			);
			dependencies = (
			);
			name = "06-earthquake";
			productName = "06-earthquake";
			productReference = 13C4BD9D21F47C1A00060742 /* 宮崎津波防災.app */;
			productType = "com.apple.product-type.application";
		};
		13C4BDB221F47C1E00060742 /* 06-earthquakeTests */ = {
			isa = PBXNativeTarget;
			buildConfigurationList = 13C4BDCA21F47C1E00060742 /* Build configuration list for PBXNativeTarget "06-earthquakeTests" */;
			buildPhases = (
				13C4BDAF21F47C1E00060742 /* Sources */,
				13C4BDB021F47C1E00060742 /* Frameworks */,
				13C4BDB121F47C1E00060742 /* Resources */,
			);
			buildRules = (
			);
			dependencies = (
				13C4BDB521F47C1E00060742 /* PBXTargetDependency */,
			);
			name = "06-earthquakeTests";
			productName = "06-earthquakeTests";
			productReference = 13C4BDB321F47C1E00060742 /* 06-earthquakeTests.xctest */;
			productType = "com.apple.product-type.bundle.unit-test";
		};
		13C4BDBD21F47C1E00060742 /* 06-earthquakeUITests */ = {
			isa = PBXNativeTarget;
			buildConfigurationList = 13C4BDCD21F47C1E00060742 /* Build configuration list for PBXNativeTarget "06-earthquakeUITests" */;
			buildPhases = (
				13C4BDBA21F47C1E00060742 /* Sources */,
				13C4BDBB21F47C1E00060742 /* Frameworks */,
				13C4BDBC21F47C1E00060742 /* Resources */,
			);
			buildRules = (
			);
			dependencies = (
				13C4BDC021F47C1E00060742 /* PBXTargetDependency */,
			);
			name = "06-earthquakeUITests";
			productName = "06-earthquakeUITests";
			productReference = 13C4BDBE21F47C1E00060742 /* 06-earthquakeUITests.xctest */;
			productType = "com.apple.product-type.bundle.ui-testing";
		};
/* End PBXNativeTarget section */

/* Begin PBXProject section */
		13C4BD9521F47C1A00060742 /* Project object */ = {
			isa = PBXProject;
			attributes = {
				LastSwiftUpdateCheck = 1010;
				LastUpgradeCheck = 1010;
				ORGANIZATIONNAME = LmLab.net;
				TargetAttributes = {
					13C4BD9C21F47C1A00060742 = {
						CreatedOnToolsVersion = 10.1;
						LastSwiftMigration = 1020;
						SystemCapabilities = {
							com.apple.BackgroundModes = {
								enabled = 1;
							};
							com.apple.Push = {
								enabled = 1;
							};
						};
					};
					13C4BDB221F47C1E00060742 = {
						CreatedOnToolsVersion = 10.1;
						LastSwiftMigration = 1020;
						TestTargetID = 13C4BD9C21F47C1A00060742;
					};
					13C4BDBD21F47C1E00060742 = {
						CreatedOnToolsVersion = 10.1;
						LastSwiftMigration = 1020;
						TestTargetID = 13C4BD9C21F47C1A00060742;
					};
				};
			};
			buildConfigurationList = 13C4BD9821F47C1A00060742 /* Build configuration list for PBXProject "m-tsunami-ios" */;
			compatibilityVersion = "Xcode 9.3";
			developmentRegion = en;
			hasScannedForEncodings = 0;
			knownRegions = (
				en,
				Base,
			);
			mainGroup = 13C4BD9421F47C1A00060742;
			productRefGroup = 13C4BD9E21F47C1A00060742 /* Products */;
			projectDirPath = "";
			projectRoot = "";
			targets = (
				13C4BD9C21F47C1A00060742 /* 06-earthquake */,
				13C4BDB221F47C1E00060742 /* 06-earthquakeTests */,
				13C4BDBD21F47C1E00060742 /* 06-earthquakeUITests */,
			);
		};
/* End PBXProject section */

/* Begin PBXResourcesBuildPhase section */
		13C4BD9B21F47C1A00060742 /* Resources */ = {
			isa = PBXResourcesBuildPhase;
			buildActionMask = 2147483647;
			files = (
				131385E12286B5DD003E6D62 /* toilets_locations.csv in Resources */,
				13C4BDAD21F47C1D00060742 /* LaunchScreen.storyboard in Resources */,
				139ED4ED227EE0D800B3AAC3 /* buildings_locations.csv in Resources */,
				13C4BDAA21F47C1D00060742 /* Assets.xcassets in Resources */,
				13C4BDA821F47C1A00060742 /* Main.storyboard in Resources */,
				13C4867D22D0722800536310 /* webcams_locations.csv in Resources */,
				13013EE323457DD900D09F8C /* shelters_locations.csv in Resources */,
			);
			runOnlyForDeploymentPostprocessing = 0;
		};
		13C4BDB121F47C1E00060742 /* Resources */ = {
			isa = PBXResourcesBuildPhase;
			buildActionMask = 2147483647;
			files = (
			);
			runOnlyForDeploymentPostprocessing = 0;
		};
		13C4BDBC21F47C1E00060742 /* Resources */ = {
			isa = PBXResourcesBuildPhase;
			buildActionMask = 2147483647;
			files = (
			);
			runOnlyForDeploymentPostprocessing = 0;
		};
/* End PBXResourcesBuildPhase section */

/* Begin PBXSourcesBuildPhase section */
		13C4BD9921F47C1A00060742 /* Sources */ = {
			isa = PBXSourcesBuildPhase;
			buildActionMask = 2147483647;
			files = (
				137330C822B334F800889E6F /* AlertDetailController.swift in Sources */,
				13C4BDA521F47C1A00060742 /* HinataViewController.swift in Sources */,
				13C4BDA121F47C1A00060742 /* AppDelegate.swift in Sources */,
				13C4BDA321F47C1A00060742 /* AlertsViewController.swift in Sources */,
				1367365722BB99C8004E6E0D /* InfoViewController.swift in Sources */,
				13BC4FCA22589B35003C240D /* MapViewController.swift in Sources */,
				13C4867F22D07B0500536310 /* IinamiViewController.swift in Sources */,
			);
			runOnlyForDeploymentPostprocessing = 0;
		};
		13C4BDAF21F47C1E00060742 /* Sources */ = {
			isa = PBXSourcesBuildPhase;
			buildActionMask = 2147483647;
			files = (
				13C4BDB821F47C1E00060742 /* _6_earthquakeTests.swift in Sources */,
			);
			runOnlyForDeploymentPostprocessing = 0;
		};
		13C4BDBA21F47C1E00060742 /* Sources */ = {
			isa = PBXSourcesBuildPhase;
			buildActionMask = 2147483647;
			files = (
				13C4BDC321F47C1E00060742 /* _6_earthquakeUITests.swift in Sources */,
			);
			runOnlyForDeploymentPostprocessing = 0;
		};
/* End PBXSourcesBuildPhase section */

/* Begin PBXTargetDependency section */
		13C4BDB521F47C1E00060742 /* PBXTargetDependency */ = {
			isa = PBXTargetDependency;
			target = 13C4BD9C21F47C1A00060742 /* 06-earthquake */;
			targetProxy = 13C4BDB421F47C1E00060742 /* PBXContainerItemProxy */;
		};
		13C4BDC021F47C1E00060742 /* PBXTargetDependency */ = {
			isa = PBXTargetDependency;
			target = 13C4BD9C21F47C1A00060742 /* 06-earthquake */;
			targetProxy = 13C4BDBF21F47C1E00060742 /* PBXContainerItemProxy */;
		};
/* End PBXTargetDependency section */

/* Begin PBXVariantGroup section */
		13C4BDA621F47C1A00060742 /* Main.storyboard */ = {
			isa = PBXVariantGroup;
			children = (
				13C4BDA721F47C1A00060742 /* Base */,
			);
			name = Main.storyboard;
			sourceTree = "<group>";
		};
		13C4BDAB21F47C1D00060742 /* LaunchScreen.storyboard */ = {
			isa = PBXVariantGroup;
			children = (
				13C4BDAC21F47C1D00060742 /* Base */,
			);
			name = LaunchScreen.storyboard;
			sourceTree = "<group>";
		};
/* End PBXVariantGroup section */

/* Begin XCBuildConfiguration section */
		13C4BDC521F47C1E00060742 /* Debug */ = {
			isa = XCBuildConfiguration;
			buildSettings = {
				ALWAYS_SEARCH_USER_PATHS = NO;
				CLANG_ANALYZER_NONNULL = YES;
				CLANG_ANALYZER_NUMBER_OBJECT_CONVERSION = YES_AGGRESSIVE;
				CLANG_CXX_LANGUAGE_STANDARD = "gnu++14";
				CLANG_CXX_LIBRARY = "libc++";
				CLANG_ENABLE_MODULES = YES;
				CLANG_ENABLE_OBJC_ARC = YES;
				CLANG_ENABLE_OBJC_WEAK = YES;
				CLANG_WARN_BLOCK_CAPTURE_AUTORELEASING = YES;
				CLANG_WARN_BOOL_CONVERSION = YES;
				CLANG_WARN_COMMA = YES;
				CLANG_WARN_CONSTANT_CONVERSION = YES;
				CLANG_WARN_DEPRECATED_OBJC_IMPLEMENTATIONS = YES;
				CLANG_WARN_DIRECT_OBJC_ISA_USAGE = YES_ERROR;
				CLANG_WARN_DOCUMENTATION_COMMENTS = YES;
				CLANG_WARN_EMPTY_BODY = YES;
				CLANG_WARN_ENUM_CONVERSION = YES;
				CLANG_WARN_INFINITE_RECURSION = YES;
				CLANG_WARN_INT_CONVERSION = YES;
				CLANG_WARN_NON_LITERAL_NULL_CONVERSION = YES;
				CLANG_WARN_OBJC_IMPLICIT_RETAIN_SELF = YES;
				CLANG_WARN_OBJC_LITERAL_CONVERSION = YES;
				CLANG_WARN_OBJC_ROOT_CLASS = YES_ERROR;
				CLANG_WARN_RANGE_LOOP_ANALYSIS = YES;
				CLANG_WARN_STRICT_PROTOTYPES = YES;
				CLANG_WARN_SUSPICIOUS_MOVE = YES;
				CLANG_WARN_UNGUARDED_AVAILABILITY = YES_AGGRESSIVE;
				CLANG_WARN_UNREACHABLE_CODE = YES;
				CLANG_WARN__DUPLICATE_METHOD_MATCH = YES;
				CODE_SIGN_IDENTITY = "iPhone Developer";
				COPY_PHASE_STRIP = NO;
				DEBUG_INFORMATION_FORMAT = dwarf;
				ENABLE_STRICT_OBJC_MSGSEND = YES;
				ENABLE_TESTABILITY = YES;
				GCC_C_LANGUAGE_STANDARD = gnu11;
				GCC_DYNAMIC_NO_PIC = NO;
				GCC_NO_COMMON_BLOCKS = YES;
				GCC_OPTIMIZATION_LEVEL = 0;
				GCC_PREPROCESSOR_DEFINITIONS = (
					"DEBUG=1",
					"$(inherited)",
				);
				GCC_WARN_64_TO_32_BIT_CONVERSION = YES;
				GCC_WARN_ABOUT_RETURN_TYPE = YES_ERROR;
				GCC_WARN_UNDECLARED_SELECTOR = YES;
				GCC_WARN_UNINITIALIZED_AUTOS = YES_AGGRESSIVE;
				GCC_WARN_UNUSED_FUNCTION = YES;
				GCC_WARN_UNUSED_VARIABLE = YES;
				IPHONEOS_DEPLOYMENT_TARGET = 12.1;
				MTL_ENABLE_DEBUG_INFO = INCLUDE_SOURCE;
				MTL_FAST_MATH = YES;
				ONLY_ACTIVE_ARCH = YES;
				SDKROOT = iphoneos;
				SWIFT_ACTIVE_COMPILATION_CONDITIONS = DEBUG;
				SWIFT_OPTIMIZATION_LEVEL = "-Onone";
			};
			name = Debug;
		};
		13C4BDC621F47C1E00060742 /* Release */ = {
			isa = XCBuildConfiguration;
			buildSettings = {
				ALWAYS_SEARCH_USER_PATHS = NO;
				CLANG_ANALYZER_NONNULL = YES;
				CLANG_ANALYZER_NUMBER_OBJECT_CONVERSION = YES_AGGRESSIVE;
				CLANG_CXX_LANGUAGE_STANDARD = "gnu++14";
				CLANG_CXX_LIBRARY = "libc++";
				CLANG_ENABLE_MODULES = YES;
				CLANG_ENABLE_OBJC_ARC = YES;
				CLANG_ENABLE_OBJC_WEAK = YES;
				CLANG_WARN_BLOCK_CAPTURE_AUTORELEASING = YES;
				CLANG_WARN_BOOL_CONVERSION = YES;
				CLANG_WARN_COMMA = YES;
				CLANG_WARN_CONSTANT_CONVERSION = YES;
				CLANG_WARN_DEPRECATED_OBJC_IMPLEMENTATIONS = YES;
				CLANG_WARN_DIRECT_OBJC_ISA_USAGE = YES_ERROR;
				CLANG_WARN_DOCUMENTATION_COMMENTS = YES;
				CLANG_WARN_EMPTY_BODY = YES;
				CLANG_WARN_ENUM_CONVERSION = YES;
				CLANG_WARN_INFINITE_RECURSION = YES;
				CLANG_WARN_INT_CONVERSION = YES;
				CLANG_WARN_NON_LITERAL_NULL_CONVERSION = YES;
				CLANG_WARN_OBJC_IMPLICIT_RETAIN_SELF = YES;
				CLANG_WARN_OBJC_LITERAL_CONVERSION = YES;
				CLANG_WARN_OBJC_ROOT_CLASS = YES_ERROR;
				CLANG_WARN_RANGE_LOOP_ANALYSIS = YES;
				CLANG_WARN_STRICT_PROTOTYPES = YES;
				CLANG_WARN_SUSPICIOUS_MOVE = YES;
				CLANG_WARN_UNGUARDED_AVAILABILITY = YES_AGGRESSIVE;
				CLANG_WARN_UNREACHABLE_CODE = YES;
				CLANG_WARN__DUPLICATE_METHOD_MATCH = YES;
				CODE_SIGN_IDENTITY = "iPhone Developer";
				COPY_PHASE_STRIP = NO;
				DEBUG_INFORMATION_FORMAT = "dwarf-with-dsym";
				ENABLE_NS_ASSERTIONS = NO;
				ENABLE_STRICT_OBJC_MSGSEND = YES;
				GCC_C_LANGUAGE_STANDARD = gnu11;
				GCC_NO_COMMON_BLOCKS = YES;
				GCC_WARN_64_TO_32_BIT_CONVERSION = YES;
				GCC_WARN_ABOUT_RETURN_TYPE = YES_ERROR;
				GCC_WARN_UNDECLARED_SELECTOR = YES;
				GCC_WARN_UNINITIALIZED_AUTOS = YES_AGGRESSIVE;
				GCC_WARN_UNUSED_FUNCTION = YES;
				GCC_WARN_UNUSED_VARIABLE = YES;
				IPHONEOS_DEPLOYMENT_TARGET = 12.1;
				MTL_ENABLE_DEBUG_INFO = NO;
				MTL_FAST_MATH = YES;
				SDKROOT = iphoneos;
				SWIFT_COMPILATION_MODE = wholemodule;
				SWIFT_OPTIMIZATION_LEVEL = "-O";
				VALIDATE_PRODUCT = YES;
			};
			name = Release;
		};
		13C4BDC821F47C1E00060742 /* Debug */ = {
			isa = XCBuildConfiguration;
			buildSettings = {
				ASSETCATALOG_COMPILER_APPICON_NAME = AppIcon;
				CODE_SIGN_ENTITLEMENTS = "06-earthquake/宮崎津波防災.entitlements";
				CODE_SIGN_IDENTITY = "Apple Development";
				CODE_SIGN_STYLE = Automatic;
				CURRENT_PROJECT_VERSION = 11;
				DEVELOPMENT_TEAM = NU78774256;
				INFOPLIST_FILE = "06-earthquake/Info.plist";
				IPHONEOS_DEPLOYMENT_TARGET = 11.0;
				LD_RUNPATH_SEARCH_PATHS = (
					"$(inherited)",
					"@executable_path/Frameworks",
				);
				MARKETING_VERSION = 1.2.0;
				PRODUCT_BUNDLE_IDENTIFIER = "net.lmlab.m-tsunami";
				PRODUCT_NAME = "宮崎津波防災";
				PROVISIONING_PROFILE_SPECIFIER = "";
				SWIFT_VERSION = 5.0;
				TARGETED_DEVICE_FAMILY = 1;
			};
			name = Debug;
		};
		13C4BDC921F47C1E00060742 /* Release */ = {
			isa = XCBuildConfiguration;
			buildSettings = {
				ASSETCATALOG_COMPILER_APPICON_NAME = AppIcon;
				CODE_SIGN_ENTITLEMENTS = "06-earthquake/宮崎津波防災.entitlements";
				CODE_SIGN_IDENTITY = "Apple Development";
				CODE_SIGN_STYLE = Automatic;
				CURRENT_PROJECT_VERSION = 11;
				DEVELOPMENT_TEAM = NU78774256;
				INFOPLIST_FILE = "06-earthquake/Info.plist";
				IPHONEOS_DEPLOYMENT_TARGET = 11.0;
				LD_RUNPATH_SEARCH_PATHS = (
					"$(inherited)",
					"@executable_path/Frameworks",
				);
				MARKETING_VERSION = 1.2.0;
				PRODUCT_BUNDLE_IDENTIFIER = "net.lmlab.m-tsunami";
				PRODUCT_NAME = "宮崎津波防災";
				PROVISIONING_PROFILE_SPECIFIER = "";
				SWIFT_VERSION = 5.0;
				TARGETED_DEVICE_FAMILY = 1;
			};
			name = Release;
		};
		13C4BDCB21F47C1E00060742 /* Debug */ = {
			isa = XCBuildConfiguration;
			buildSettings = {
				ALWAYS_EMBED_SWIFT_STANDARD_LIBRARIES = YES;
				BUNDLE_LOADER = "$(TEST_HOST)";
				CODE_SIGN_STYLE = Automatic;
				DEVELOPMENT_TEAM = NU78774256;
				INFOPLIST_FILE = "06-earthquakeTests/Info.plist";
				LD_RUNPATH_SEARCH_PATHS = (
					"$(inherited)",
					"@executable_path/Frameworks",
					"@loader_path/Frameworks",
				);
				PRODUCT_BUNDLE_IDENTIFIER = "net.lmlab.06-earthquake.-6-earthquakeTests";
				PRODUCT_NAME = "$(TARGET_NAME)";
				SWIFT_VERSION = 5.0;
				TARGETED_DEVICE_FAMILY = "1,2";
				TEST_HOST = "$(BUILT_PRODUCTS_DIR)/宮崎津波防災.app/宮崎津波防災";
			};
			name = Debug;
		};
		13C4BDCC21F47C1E00060742 /* Release */ = {
			isa = XCBuildConfiguration;
			buildSettings = {
				ALWAYS_EMBED_SWIFT_STANDARD_LIBRARIES = YES;
				BUNDLE_LOADER = "$(TEST_HOST)";
				CODE_SIGN_STYLE = Automatic;
				DEVELOPMENT_TEAM = NU78774256;
				INFOPLIST_FILE = "06-earthquakeTests/Info.plist";
				LD_RUNPATH_SEARCH_PATHS = (
					"$(inherited)",
					"@executable_path/Frameworks",
					"@loader_path/Frameworks",
				);
				PRODUCT_BUNDLE_IDENTIFIER = "net.lmlab.06-earthquake.-6-earthquakeTests";
				PRODUCT_NAME = "$(TARGET_NAME)";
				SWIFT_VERSION = 5.0;
				TARGETED_DEVICE_FAMILY = "1,2";
				TEST_HOST = "$(BUILT_PRODUCTS_DIR)/宮崎津波防災.app/宮崎津波防災";
			};
			name = Release;
		};
		13C4BDCE21F47C1E00060742 /* Debug */ = {
			isa = XCBuildConfiguration;
			buildSettings = {
				ALWAYS_EMBED_SWIFT_STANDARD_LIBRARIES = YES;
				CODE_SIGN_STYLE = Automatic;
				DEVELOPMENT_TEAM = NU78774256;
				INFOPLIST_FILE = "06-earthquakeUITests/Info.plist";
				LD_RUNPATH_SEARCH_PATHS = (
					"$(inherited)",
					"@executable_path/Frameworks",
					"@loader_path/Frameworks",
				);
				PRODUCT_BUNDLE_IDENTIFIER = "net.lmlab.06-earthquake.-6-earthquakeUITests";
				PRODUCT_NAME = "$(TARGET_NAME)";
				SWIFT_VERSION = 5.0;
				TARGETED_DEVICE_FAMILY = "1,2";
				TEST_TARGET_NAME = "06-earthquake";
			};
			name = Debug;
		};
		13C4BDCF21F47C1E00060742 /* Release */ = {
			isa = XCBuildConfiguration;
			buildSettings = {
				ALWAYS_EMBED_SWIFT_STANDARD_LIBRARIES = YES;
				CODE_SIGN_STYLE = Automatic;
				DEVELOPMENT_TEAM = NU78774256;
				INFOPLIST_FILE = "06-earthquakeUITests/Info.plist";
				LD_RUNPATH_SEARCH_PATHS = (
					"$(inherited)",
					"@executable_path/Frameworks",
					"@loader_path/Frameworks",
				);
				PRODUCT_BUNDLE_IDENTIFIER = "net.lmlab.06-earthquake.-6-earthquakeUITests";
				PRODUCT_NAME = "$(TARGET_NAME)";
				SWIFT_VERSION = 5.0;
				TARGETED_DEVICE_FAMILY = "1,2";
				TEST_TARGET_NAME = "06-earthquake";
			};
			name = Release;
		};
/* End XCBuildConfiguration section */

/* Begin XCConfigurationList section */
		13C4BD9821F47C1A00060742 /* Build configuration list for PBXProject "m-tsunami-ios" */ = {
			isa = XCConfigurationList;
			buildConfigurations = (
				13C4BDC521F47C1E00060742 /* Debug */,
				13C4BDC621F47C1E00060742 /* Release */,
			);
			defaultConfigurationIsVisible = 0;
			defaultConfigurationName = Release;
		};
		13C4BDC721F47C1E00060742 /* Build configuration list for PBXNativeTarget "06-earthquake" */ = {
			isa = XCConfigurationList;
			buildConfigurations = (
				13C4BDC821F47C1E00060742 /* Debug */,
				13C4BDC921F47C1E00060742 /* Release */,
			);
			defaultConfigurationIsVisible = 0;
			defaultConfigurationName = Release;
		};
		13C4BDCA21F47C1E00060742 /* Build configuration list for PBXNativeTarget "06-earthquakeTests" */ = {
			isa = XCConfigurationList;
			buildConfigurations = (
				13C4BDCB21F47C1E00060742 /* Debug */,
				13C4BDCC21F47C1E00060742 /* Release */,
			);
			defaultConfigurationIsVisible = 0;
			defaultConfigurationName = Release;
		};
		13C4BDCD21F47C1E00060742 /* Build configuration list for PBXNativeTarget "06-earthquakeUITests" */ = {
			isa = XCConfigurationList;
			buildConfigurations = (
				13C4BDCE21F47C1E00060742 /* Debug */,
				13C4BDCF21F47C1E00060742 /* Release */,
			);
			defaultConfigurationIsVisible = 0;
			defaultConfigurationName = Release;
		};
/* End XCConfigurationList section */
	};
	rootObject = 13C4BD9521F47C1A00060742 /* Project object */;
}
