// !$*UTF8*$!
{
	archiveVersion = 1;
	classes = {
	};
	objectVersion = 51;
	objects = {

/* Begin PBXBuildFile section */
		1367365722BB99C8004E6E0D /* InfoViewController.swift in Sources */ = {isa = PBXBuildFile; fileRef = 1367365622BB99C8004E6E0D /* InfoViewController.swift */; };
		137330C822B334F800889E6F /* AlertDetailController.swift in Sources */ = {isa = PBXBuildFile; fileRef = 137330C722B334F800889E6F /* AlertDetailController.swift */; };
		13BC4FC622588FF3003C240D /* WebKit.framework in Frameworks */ = {isa = PBXBuildFile; fileRef = 13BC4FC522588FF3003C240D /* WebKit.framework */; };
		13BC4FC822589396003C240D /* MapKit.framework in Frameworks */ = {isa = PBXBuildFile; fileRef = 13BC4FC722589396003C240D /* MapKit.framework */; };
		13BC4FCA22589B35003C240D /* MapViewController.swift in Sources */ = {isa = PBXBuildFile; fileRef = 13BC4FC922589B35003C240D /* MapViewController.swift */; };
		13C4867D22D0722800536310 /* webcams_locations.csv in Resources */ = {isa = PBXBuildFile; fileRef = 13C4867C22D0722800536310 /* webcams_locations.csv */; };
		13C4867F22D07B0500536310 /* IinamiViewController.swift in Sources */ = {isa = PBXBuildFile; fileRef = 13C4867E22D07B0500536310 /* IinamiViewController.swift */; };
		13C4BDA121F47C1A00060742 /* AppDelegate.swift in Sources */ = {isa = PBXBuildFile; fileRef = 13C4BDA021F47C1A00060742 /* AppDelegate.swift */; };
		13C4BDA321F47C1A00060742 /* AlertsViewController.swift in Sources */ = {isa = PBXBuildFile; fileRef = 13C4BDA221F47C1A00060742 /* AlertsViewController.swift */; };
		13C4BDA521F47C1A00060742 /* HinataViewController.swift in Sources */ = {isa = PBXBuildFile; fileRef = 13C4BDA421F47C1A00060742 /* HinataViewController.swift */; };
		13C4BDA821F47C1A00060742 /* Main.storyboard in Resources */ = {isa = PBXBuildFile; fileRef = 13C4BDA621F47C1A00060742 /* Main.storyboard */; };
		13C4BDAA21F47C1D00060742 /* Assets.xcassets in Resources */ = {isa = PBXBuildFile; fileRef = 13C4BDA921F47C1D00060742 /* Assets.xcassets */; };
		13C4BDAD21F47C1D00060742 /* LaunchScreen.storyboard in Resources */ = {isa = PBXBuildFile; fileRef = 13C4BDAB21F47C1D00060742 /* LaunchScreen.storyboard */; };
		13C4BDB821F47C1E00060742 /* _6_earthquakeTests.swift in Sources */ = {isa = PBXBuildFile; fileRef = 13C4BDB721F47C1E00060742 /* _6_earthquakeTests.swift */; };
		13C4BDC321F47C1E00060742 /* _6_earthquakeUITests.swift in Sources */ = {isa = PBXBuildFile; fileRef = 13C4BDC221F47C1E00060742 /* _6_earthquakeUITests.swift */; };
		13F07E0523B4C4A10065BEAF /* shelters.csv in Resources */ = {isa = PBXBuildFile; fileRef = 13F07E0423B4C4A10065BEAF /* shelters.csv */; };
		211BD74923B653C90062C7CE /* GoogleService-Info.plist in Resources */ = {isa = PBXBuildFile; fileRef = 211BD74823B653C90062C7CE /* GoogleService-Info.plist */; };
		211BD74B23B78CC50062C7CE /* TabBarController.swift in Sources */ = {isa = PBXBuildFile; fileRef = 211BD74A23B78CC50062C7CE /* TabBarController.swift */; };
		211BD74D23B798720062C7CE /* StorageModel.swift in Sources */ = {isa = PBXBuildFile; fileRef = 211BD74C23B798720062C7CE /* StorageModel.swift */; };
		211BD74F23B7A5CE0062C7CE /* PhotoModel.swift in Sources */ = {isa = PBXBuildFile; fileRef = 211BD74E23B7A5CE0062C7CE /* PhotoModel.swift */; };
		211BD75123B945EA0062C7CE /* UserManager.swift in Sources */ = {isa = PBXBuildFile; fileRef = 211BD75023B945EA0062C7CE /* UserManager.swift */; };
		216A345C2364A06100F3C19E /* IconSettingsViewController.swift in Sources */ = {isa = PBXBuildFile; fileRef = 216A345B2364A06100F3C19E /* IconSettingsViewController.swift */; };
		2195E44D23BA3C2B00790DF8 /* Photo.swift in Sources */ = {isa = PBXBuildFile; fileRef = 2195E44C23BA3C2B00790DF8 /* Photo.swift */; };
		2195E44F23BB78AE00790DF8 /* PhotoCalloutAccessoryView.swift in Sources */ = {isa = PBXBuildFile; fileRef = 2195E44E23BB78AE00790DF8 /* PhotoCalloutAccessoryView.swift */; };
		2195E45123BB78CF00790DF8 /* PhotoCalloutAccessoryView.xib in Resources */ = {isa = PBXBuildFile; fileRef = 2195E45023BB78CF00790DF8 /* PhotoCalloutAccessoryView.xib */; };
		2195E45723C0DE0000790DF8 /* MyPageViewController.swift in Sources */ = {isa = PBXBuildFile; fileRef = 2195E45623C0DE0000790DF8 /* MyPageViewController.swift */; };
		21F86B2F23689EFB00BBEAF4 /* IconSettingsRepository.swift in Sources */ = {isa = PBXBuildFile; fileRef = 21F86B2E23689EFB00BBEAF4 /* IconSettingsRepository.swift */; };
		31ABA3F16A2989481CC3EED2 /* Pods_06_earthquakeTests.framework in Frameworks */ = {isa = PBXBuildFile; fileRef = DAF58EDD46D8B0880544801E /* Pods_06_earthquakeTests.framework */; };
		D88986D03DA3D521BB4DF19F /* Pods_06_earthquakeUITests.framework in Frameworks */ = {isa = PBXBuildFile; fileRef = BCD9686BF34F597EF03076CF /* Pods_06_earthquakeUITests.framework */; };
		DA1A4A3DB87F6F1009790F46 /* Pods_06_earthquake.framework in Frameworks */ = {isa = PBXBuildFile; fileRef = 41511C4A6D2BCB5AB4E5B7B1 /* Pods_06_earthquake.framework */; };
/* End PBXBuildFile section */

/* Begin PBXContainerItemProxy section */
		13C4BDB421F47C1E00060742 /* PBXContainerItemProxy */ = {
			isa = PBXContainerItemProxy;
			containerPortal = 13C4BD9521F47C1A00060742 /* Project object */;
			proxyType = 1;
			remoteGlobalIDString = 13C4BD9C21F47C1A00060742;
			remoteInfo = "06-earthquake";
		};
		13C4BDBF21F47C1E00060742 /* PBXContainerItemProxy */ = {
			isa = PBXContainerItemProxy;
			containerPortal = 13C4BD9521F47C1A00060742 /* Project object */;
			proxyType = 1;
			remoteGlobalIDString = 13C4BD9C21F47C1A00060742;
			remoteInfo = "06-earthquake";
		};
/* End PBXContainerItemProxy section */

/* Begin PBXFileReference section */
		131CD1F722E6C85900AC3008 /* 宮崎津波防災.entitlements */ = {isa = PBXFileReference; lastKnownFileType = text.plist.entitlements; path = "宮崎津波防災.entitlements"; sourceTree = "<group>"; };
		1367365622BB99C8004E6E0D /* InfoViewController.swift */ = {isa = PBXFileReference; lastKnownFileType = sourcecode.swift; path = InfoViewController.swift; sourceTree = "<group>"; };
		137330C722B334F800889E6F /* AlertDetailController.swift */ = {isa = PBXFileReference; lastKnownFileType = sourcecode.swift; path = AlertDetailController.swift; sourceTree = "<group>"; };
		13BC4FC522588FF3003C240D /* WebKit.framework */ = {isa = PBXFileReference; lastKnownFileType = wrapper.framework; name = WebKit.framework; path = System/Library/Frameworks/WebKit.framework; sourceTree = SDKROOT; };
		13BC4FC722589396003C240D /* MapKit.framework */ = {isa = PBXFileReference; lastKnownFileType = wrapper.framework; name = MapKit.framework; path = System/Library/Frameworks/MapKit.framework; sourceTree = SDKROOT; };
		13BC4FC922589B35003C240D /* MapViewController.swift */ = {isa = PBXFileReference; lastKnownFileType = sourcecode.swift; path = MapViewController.swift; sourceTree = "<group>"; };
		13C4867C22D0722800536310 /* webcams_locations.csv */ = {isa = PBXFileReference; lastKnownFileType = text; path = webcams_locations.csv; sourceTree = "<group>"; };
		13C4867E22D07B0500536310 /* IinamiViewController.swift */ = {isa = PBXFileReference; lastKnownFileType = sourcecode.swift; path = IinamiViewController.swift; sourceTree = "<group>"; };
		13C4BD9D21F47C1A00060742 /* 宮崎津波防災.app */ = {isa = PBXFileReference; explicitFileType = wrapper.application; includeInIndex = 0; path = "宮崎津波防災.app"; sourceTree = BUILT_PRODUCTS_DIR; };
		13C4BDA021F47C1A00060742 /* AppDelegate.swift */ = {isa = PBXFileReference; lastKnownFileType = sourcecode.swift; path = AppDelegate.swift; sourceTree = "<group>"; };
		13C4BDA221F47C1A00060742 /* AlertsViewController.swift */ = {isa = PBXFileReference; lastKnownFileType = sourcecode.swift; path = AlertsViewController.swift; sourceTree = "<group>"; };
		13C4BDA421F47C1A00060742 /* HinataViewController.swift */ = {isa = PBXFileReference; lastKnownFileType = sourcecode.swift; path = HinataViewController.swift; sourceTree = "<group>"; };
		13C4BDA721F47C1A00060742 /* Base */ = {isa = PBXFileReference; lastKnownFileType = file.storyboard; name = Base; path = Base.lproj/Main.storyboard; sourceTree = "<group>"; };
		13C4BDA921F47C1D00060742 /* Assets.xcassets */ = {isa = PBXFileReference; lastKnownFileType = folder.assetcatalog; path = Assets.xcassets; sourceTree = "<group>"; };
		13C4BDAC21F47C1D00060742 /* Base */ = {isa = PBXFileReference; lastKnownFileType = file.storyboard; name = Base; path = Base.lproj/LaunchScreen.storyboard; sourceTree = "<group>"; };
		13C4BDAE21F47C1D00060742 /* Info.plist */ = {isa = PBXFileReference; lastKnownFileType = text.plist.xml; path = Info.plist; sourceTree = "<group>"; };
		13C4BDB321F47C1E00060742 /* 06-earthquakeTests.xctest */ = {isa = PBXFileReference; explicitFileType = wrapper.cfbundle; includeInIndex = 0; path = "06-earthquakeTests.xctest"; sourceTree = BUILT_PRODUCTS_DIR; };
		13C4BDB721F47C1E00060742 /* _6_earthquakeTests.swift */ = {isa = PBXFileReference; lastKnownFileType = sourcecode.swift; path = _6_earthquakeTests.swift; sourceTree = "<group>"; };
		13C4BDB921F47C1E00060742 /* Info.plist */ = {isa = PBXFileReference; lastKnownFileType = text.plist.xml; path = Info.plist; sourceTree = "<group>"; };
		13C4BDBE21F47C1E00060742 /* 06-earthquakeUITests.xctest */ = {isa = PBXFileReference; explicitFileType = wrapper.cfbundle; includeInIndex = 0; path = "06-earthquakeUITests.xctest"; sourceTree = BUILT_PRODUCTS_DIR; };
		13C4BDC221F47C1E00060742 /* _6_earthquakeUITests.swift */ = {isa = PBXFileReference; lastKnownFileType = sourcecode.swift; path = _6_earthquakeUITests.swift; sourceTree = "<group>"; };
		13C4BDC421F47C1E00060742 /* Info.plist */ = {isa = PBXFileReference; lastKnownFileType = text.plist.xml; path = Info.plist; sourceTree = "<group>"; };
		13F07E0423B4C4A10065BEAF /* shelters.csv */ = {isa = PBXFileReference; fileEncoding = 4; lastKnownFileType = text; path = shelters.csv; sourceTree = "<group>"; };
		211BD74823B653C90062C7CE /* GoogleService-Info.plist */ = {isa = PBXFileReference; fileEncoding = 4; lastKnownFileType = text.plist.xml; path = "GoogleService-Info.plist"; sourceTree = "<group>"; };
		211BD74A23B78CC50062C7CE /* TabBarController.swift */ = {isa = PBXFileReference; lastKnownFileType = sourcecode.swift; path = TabBarController.swift; sourceTree = "<group>"; };
		211BD74C23B798720062C7CE /* StorageModel.swift */ = {isa = PBXFileReference; lastKnownFileType = sourcecode.swift; name = StorageModel.swift; path = Model/StorageModel.swift; sourceTree = "<group>"; };
		211BD74E23B7A5CE0062C7CE /* PhotoModel.swift */ = {isa = PBXFileReference; lastKnownFileType = sourcecode.swift; name = PhotoModel.swift; path = Model/PhotoModel.swift; sourceTree = "<group>"; };
		211BD75023B945EA0062C7CE /* UserManager.swift */ = {isa = PBXFileReference; lastKnownFileType = sourcecode.swift; name = UserManager.swift; path = Manager/UserManager.swift; sourceTree = "<group>"; };
		216A345B2364A06100F3C19E /* IconSettingsViewController.swift */ = {isa = PBXFileReference; lastKnownFileType = sourcecode.swift; path = IconSettingsViewController.swift; sourceTree = "<group>"; };
		2195E44C23BA3C2B00790DF8 /* Photo.swift */ = {isa = PBXFileReference; lastKnownFileType = sourcecode.swift; name = Photo.swift; path = Entity/Photo.swift; sourceTree = "<group>"; };
		2195E44E23BB78AE00790DF8 /* PhotoCalloutAccessoryView.swift */ = {isa = PBXFileReference; lastKnownFileType = sourcecode.swift; name = PhotoCalloutAccessoryView.swift; path = View/PhotoCalloutAccessoryView.swift; sourceTree = "<group>"; };
		2195E45023BB78CF00790DF8 /* PhotoCalloutAccessoryView.xib */ = {isa = PBXFileReference; lastKnownFileType = file.xib; name = PhotoCalloutAccessoryView.xib; path = View/PhotoCalloutAccessoryView.xib; sourceTree = "<group>"; };
		2195E45623C0DE0000790DF8 /* MyPageViewController.swift */ = {isa = PBXFileReference; lastKnownFileType = sourcecode.swift; path = MyPageViewController.swift; sourceTree = "<group>"; };
		21F86B2E23689EFB00BBEAF4 /* IconSettingsRepository.swift */ = {isa = PBXFileReference; lastKnownFileType = sourcecode.swift; path = IconSettingsRepository.swift; sourceTree = "<group>"; };
		263ADEFEA0C6436DE9D436C4 /* Pods-06-earthquakeUITests.release.xcconfig */ = {isa = PBXFileReference; includeInIndex = 1; lastKnownFileType = text.xcconfig; name = "Pods-06-earthquakeUITests.release.xcconfig"; path = "Target Support Files/Pods-06-earthquakeUITests/Pods-06-earthquakeUITests.release.xcconfig"; sourceTree = "<group>"; };
		2BC33355604A389628E0DA61 /* Pods-06-earthquakeUITests.debug.xcconfig */ = {isa = PBXFileReference; includeInIndex = 1; lastKnownFileType = text.xcconfig; name = "Pods-06-earthquakeUITests.debug.xcconfig"; path = "Target Support Files/Pods-06-earthquakeUITests/Pods-06-earthquakeUITests.debug.xcconfig"; sourceTree = "<group>"; };
		41511C4A6D2BCB5AB4E5B7B1 /* Pods_06_earthquake.framework */ = {isa = PBXFileReference; explicitFileType = wrapper.framework; includeInIndex = 0; path = Pods_06_earthquake.framework; sourceTree = BUILT_PRODUCTS_DIR; };
		9A128126400C5E4FB76A95DE /* Pods-06-earthquakeTests.debug.xcconfig */ = {isa = PBXFileReference; includeInIndex = 1; lastKnownFileType = text.xcconfig; name = "Pods-06-earthquakeTests.debug.xcconfig"; path = "Target Support Files/Pods-06-earthquakeTests/Pods-06-earthquakeTests.debug.xcconfig"; sourceTree = "<group>"; };
		BACB7C1B3E8CE0C448FFC1F7 /* Pods-06-earthquake.release.xcconfig */ = {isa = PBXFileReference; includeInIndex = 1; lastKnownFileType = text.xcconfig; name = "Pods-06-earthquake.release.xcconfig"; path = "Target Support Files/Pods-06-earthquake/Pods-06-earthquake.release.xcconfig"; sourceTree = "<group>"; };
		BBD3566B8B7141E2C40190CE /* Pods-06-earthquakeTests.release.xcconfig */ = {isa = PBXFileReference; includeInIndex = 1; lastKnownFileType = text.xcconfig; name = "Pods-06-earthquakeTests.release.xcconfig"; path = "Target Support Files/Pods-06-earthquakeTests/Pods-06-earthquakeTests.release.xcconfig"; sourceTree = "<group>"; };
		BCD9686BF34F597EF03076CF /* Pods_06_earthquakeUITests.framework */ = {isa = PBXFileReference; explicitFileType = wrapper.framework; includeInIndex = 0; path = Pods_06_earthquakeUITests.framework; sourceTree = BUILT_PRODUCTS_DIR; };
		DAF58EDD46D8B0880544801E /* Pods_06_earthquakeTests.framework */ = {isa = PBXFileReference; explicitFileType = wrapper.framework; includeInIndex = 0; path = Pods_06_earthquakeTests.framework; sourceTree = BUILT_PRODUCTS_DIR; };
		E93E1C8DEC7130549F643B5C /* Pods-06-earthquake.debug.xcconfig */ = {isa = PBXFileReference; includeInIndex = 1; lastKnownFileType = text.xcconfig; name = "Pods-06-earthquake.debug.xcconfig"; path = "Target Support Files/Pods-06-earthquake/Pods-06-earthquake.debug.xcconfig"; sourceTree = "<group>"; };
/* End PBXFileReference section */

/* Begin PBXFrameworksBuildPhase section */
		13C4BD9A21F47C1A00060742 /* Frameworks */ = {
			isa = PBXFrameworksBuildPhase;
			buildActionMask = 2147483647;
			files = (
				13BC4FC822589396003C240D /* MapKit.framework in Frameworks */,
				13BC4FC622588FF3003C240D /* WebKit.framework in Frameworks */,
				DA1A4A3DB87F6F1009790F46 /* Pods_06_earthquake.framework in Frameworks */,
			);
			runOnlyForDeploymentPostprocessing = 0;
		};
		13C4BDB021F47C1E00060742 /* Frameworks */ = {
			isa = PBXFrameworksBuildPhase;
			buildActionMask = 2147483647;
			files = (
				31ABA3F16A2989481CC3EED2 /* Pods_06_earthquakeTests.framework in Frameworks */,
			);
			runOnlyForDeploymentPostprocessing = 0;
		};
		13C4BDBB21F47C1E00060742 /* Frameworks */ = {
			isa = PBXFrameworksBuildPhase;
			buildActionMask = 2147483647;
			files = (
				D88986D03DA3D521BB4DF19F /* Pods_06_earthquakeUITests.framework in Frameworks */,
			);
			runOnlyForDeploymentPostprocessing = 0;
		};
/* End PBXFrameworksBuildPhase section */

/* Begin PBXGroup section */
		13BC4FC422588FF3003C240D /* Frameworks */ = {
			isa = PBXGroup;
			children = (
				13BC4FC722589396003C240D /* MapKit.framework */,
				13BC4FC522588FF3003C240D /* WebKit.framework */,
				41511C4A6D2BCB5AB4E5B7B1 /* Pods_06_earthquake.framework */,
				DAF58EDD46D8B0880544801E /* Pods_06_earthquakeTests.framework */,
				BCD9686BF34F597EF03076CF /* Pods_06_earthquakeUITests.framework */,
			);
			name = Frameworks;
			sourceTree = "<group>";
		};
		13C4BD9421F47C1A00060742 = {
			isa = PBXGroup;
			children = (
				13C4BD9F21F47C1A00060742 /* 06-earthquake */,
				13C4BDB621F47C1E00060742 /* 06-earthquakeTests */,
				13C4BDC121F47C1E00060742 /* 06-earthquakeUITests */,
				13C4BD9E21F47C1A00060742 /* Products */,
				13BC4FC422588FF3003C240D /* Frameworks */,
				77A8F408AD424B27CDB8264D /* Pods */,
			);
			sourceTree = "<group>";
		};
		13C4BD9E21F47C1A00060742 /* Products */ = {
			isa = PBXGroup;
			children = (
				13C4BD9D21F47C1A00060742 /* 宮崎津波防災.app */,
				13C4BDB321F47C1E00060742 /* 06-earthquakeTests.xctest */,
				13C4BDBE21F47C1E00060742 /* 06-earthquakeUITests.xctest */,
			);
			name = Products;
			sourceTree = "<group>";
		};
		13C4BD9F21F47C1A00060742 /* 06-earthquake */ = {
			isa = PBXGroup;
			children = (
				131CD1F722E6C85900AC3008 /* 宮崎津波防災.entitlements */,
				13F07E0423B4C4A10065BEAF /* shelters.csv */,
				13C4867C22D0722800536310 /* webcams_locations.csv */,
				13C4BDA021F47C1A00060742 /* AppDelegate.swift */,
				13C4BDA221F47C1A00060742 /* AlertsViewController.swift */,
				137330C722B334F800889E6F /* AlertDetailController.swift */,
				13C4BDA421F47C1A00060742 /* HinataViewController.swift */,
				13BC4FC922589B35003C240D /* MapViewController.swift */,
				13C4BDA621F47C1A00060742 /* Main.storyboard */,
				13C4BDA921F47C1D00060742 /* Assets.xcassets */,
				13C4BDAB21F47C1D00060742 /* LaunchScreen.storyboard */,
				13C4BDAE21F47C1D00060742 /* Info.plist */,
				211BD74823B653C90062C7CE /* GoogleService-Info.plist */,
				1367365622BB99C8004E6E0D /* InfoViewController.swift */,
				13C4867E22D07B0500536310 /* IinamiViewController.swift */,
				216A345B2364A06100F3C19E /* IconSettingsViewController.swift */,
				21F86B2E23689EFB00BBEAF4 /* IconSettingsRepository.swift */,
				211BD74A23B78CC50062C7CE /* TabBarController.swift */,
				211BD74C23B798720062C7CE /* StorageModel.swift */,
				211BD74E23B7A5CE0062C7CE /* PhotoModel.swift */,
				211BD75023B945EA0062C7CE /* UserManager.swift */,
				2195E44C23BA3C2B00790DF8 /* Photo.swift */,
				2195E44E23BB78AE00790DF8 /* PhotoCalloutAccessoryView.swift */,
				2195E45023BB78CF00790DF8 /* PhotoCalloutAccessoryView.xib */,
				2195E45623C0DE0000790DF8 /* MyPageViewController.swift */,
			);
			path = "06-earthquake";
			sourceTree = "<group>";
		};
		13C4BDB621F47C1E00060742 /* 06-earthquakeTests */ = {
			isa = PBXGroup;
			children = (
				13C4BDB721F47C1E00060742 /* _6_earthquakeTests.swift */,
				13C4BDB921F47C1E00060742 /* Info.plist */,
			);
			path = "06-earthquakeTests";
			sourceTree = "<group>";
		};
		13C4BDC121F47C1E00060742 /* 06-earthquakeUITests */ = {
			isa = PBXGroup;
			children = (
				13C4BDC221F47C1E00060742 /* _6_earthquakeUITests.swift */,
				13C4BDC421F47C1E00060742 /* Info.plist */,
			);
			path = "06-earthquakeUITests";
			sourceTree = "<group>";
		};
		77A8F408AD424B27CDB8264D /* Pods */ = {
			isa = PBXGroup;
			children = (
				E93E1C8DEC7130549F643B5C /* Pods-06-earthquake.debug.xcconfig */,
				BACB7C1B3E8CE0C448FFC1F7 /* Pods-06-earthquake.release.xcconfig */,
				9A128126400C5E4FB76A95DE /* Pods-06-earthquakeTests.debug.xcconfig */,
				BBD3566B8B7141E2C40190CE /* Pods-06-earthquakeTests.release.xcconfig */,
				2BC33355604A389628E0DA61 /* Pods-06-earthquakeUITests.debug.xcconfig */,
				263ADEFEA0C6436DE9D436C4 /* Pods-06-earthquakeUITests.release.xcconfig */,
			);
			path = Pods;
			sourceTree = "<group>";
		};
/* End PBXGroup section */

/* Begin PBXNativeTarget section */
		13C4BD9C21F47C1A00060742 /* 06-earthquake */ = {
			isa = PBXNativeTarget;
			buildConfigurationList = 13C4BDC721F47C1E00060742 /* Build configuration list for PBXNativeTarget "06-earthquake" */;
			buildPhases = (
				BC3A80A8192D09F087718B31 /* [CP] Check Pods Manifest.lock */,
				13C4BD9921F47C1A00060742 /* Sources */,
				13C4BD9A21F47C1A00060742 /* Frameworks */,
				13C4BD9B21F47C1A00060742 /* Resources */,
				DCBBBF8C107FCCF8F99255D9 /* [CP] Embed Pods Frameworks */,
			);
			buildRules = (
			);
			dependencies = (
			);
			name = "06-earthquake";
			productName = "06-earthquake";
			productReference = 13C4BD9D21F47C1A00060742 /* 宮崎津波防災.app */;
			productType = "com.apple.product-type.application";
		};
		13C4BDB221F47C1E00060742 /* 06-earthquakeTests */ = {
			isa = PBXNativeTarget;
			buildConfigurationList = 13C4BDCA21F47C1E00060742 /* Build configuration list for PBXNativeTarget "06-earthquakeTests" */;
			buildPhases = (
				559D88468BD926336292D36C /* [CP] Check Pods Manifest.lock */,
				13C4BDAF21F47C1E00060742 /* Sources */,
				13C4BDB021F47C1E00060742 /* Frameworks */,
				13C4BDB121F47C1E00060742 /* Resources */,
			);
			buildRules = (
			);
			dependencies = (
				13C4BDB521F47C1E00060742 /* PBXTargetDependency */,
			);
			name = "06-earthquakeTests";
			productName = "06-earthquakeTests";
			productReference = 13C4BDB321F47C1E00060742 /* 06-earthquakeTests.xctest */;
			productType = "com.apple.product-type.bundle.unit-test";
		};
		13C4BDBD21F47C1E00060742 /* 06-earthquakeUITests */ = {
			isa = PBXNativeTarget;
			buildConfigurationList = 13C4BDCD21F47C1E00060742 /* Build configuration list for PBXNativeTarget "06-earthquakeUITests" */;
			buildPhases = (
				4D7CD98F10CC60812F5E0373 /* [CP] Check Pods Manifest.lock */,
				13C4BDBA21F47C1E00060742 /* Sources */,
				13C4BDBB21F47C1E00060742 /* Frameworks */,
				13C4BDBC21F47C1E00060742 /* Resources */,
			);
			buildRules = (
			);
			dependencies = (
				13C4BDC021F47C1E00060742 /* PBXTargetDependency */,
			);
			name = "06-earthquakeUITests";
			productName = "06-earthquakeUITests";
			productReference = 13C4BDBE21F47C1E00060742 /* 06-earthquakeUITests.xctest */;
			productType = "com.apple.product-type.bundle.ui-testing";
		};
/* End PBXNativeTarget section */

/* Begin PBXProject section */
		13C4BD9521F47C1A00060742 /* Project object */ = {
			isa = PBXProject;
			attributes = {
				LastSwiftUpdateCheck = 1010;
				LastUpgradeCheck = 1010;
				ORGANIZATIONNAME = LmLab.net;
				TargetAttributes = {
					13C4BD9C21F47C1A00060742 = {
						CreatedOnToolsVersion = 10.1;
						LastSwiftMigration = 1020;
						SystemCapabilities = {
							com.apple.BackgroundModes = {
								enabled = 1;
							};
							com.apple.Push = {
								enabled = 1;
							};
						};
					};
					13C4BDB221F47C1E00060742 = {
						CreatedOnToolsVersion = 10.1;
						LastSwiftMigration = 1020;
						TestTargetID = 13C4BD9C21F47C1A00060742;
					};
					13C4BDBD21F47C1E00060742 = {
						CreatedOnToolsVersion = 10.1;
						LastSwiftMigration = 1020;
						TestTargetID = 13C4BD9C21F47C1A00060742;
					};
				};
			};
			buildConfigurationList = 13C4BD9821F47C1A00060742 /* Build configuration list for PBXProject "m-tsunami-ios" */;
			compatibilityVersion = "Xcode 9.3";
			developmentRegion = en;
			hasScannedForEncodings = 0;
			knownRegions = (
				en,
				Base,
			);
			mainGroup = 13C4BD9421F47C1A00060742;
			productRefGroup = 13C4BD9E21F47C1A00060742 /* Products */;
			projectDirPath = "";
			projectRoot = "";
			targets = (
				13C4BD9C21F47C1A00060742 /* 06-earthquake */,
				13C4BDB221F47C1E00060742 /* 06-earthquakeTests */,
				13C4BDBD21F47C1E00060742 /* 06-earthquakeUITests */,
			);
		};
/* End PBXProject section */

/* Begin PBXResourcesBuildPhase section */
		13C4BD9B21F47C1A00060742 /* Resources */ = {
			isa = PBXResourcesBuildPhase;
			buildActionMask = 2147483647;
			files = (
				13C4BDAD21F47C1D00060742 /* LaunchScreen.storyboard in Resources */,
				13C4BDAA21F47C1D00060742 /* Assets.xcassets in Resources */,
				13F07E0523B4C4A10065BEAF /* shelters.csv in Resources */,
				13C4BDA821F47C1A00060742 /* Main.storyboard in Resources */,
				13C4867D22D0722800536310 /* webcams_locations.csv in Resources */,
				211BD74923B653C90062C7CE /* GoogleService-Info.plist in Resources */,
				2195E45123BB78CF00790DF8 /* PhotoCalloutAccessoryView.xib in Resources */,
			);
			runOnlyForDeploymentPostprocessing = 0;
		};
		13C4BDB121F47C1E00060742 /* Resources */ = {
			isa = PBXResourcesBuildPhase;
			buildActionMask = 2147483647;
			files = (
			);
			runOnlyForDeploymentPostprocessing = 0;
		};
		13C4BDBC21F47C1E00060742 /* Resources */ = {
			isa = PBXResourcesBuildPhase;
			buildActionMask = 2147483647;
			files = (
			);
			runOnlyForDeploymentPostprocessing = 0;
		};
/* End PBXResourcesBuildPhase section */

/* Begin PBXShellScriptBuildPhase section */
		4D7CD98F10CC60812F5E0373 /* [CP] Check Pods Manifest.lock */ = {
			isa = PBXShellScriptBuildPhase;
			buildActionMask = 2147483647;
			files = (
			);
			inputFileListPaths = (
			);
			inputPaths = (
				"${PODS_PODFILE_DIR_PATH}/Podfile.lock",
				"${PODS_ROOT}/Manifest.lock",
			);
			name = "[CP] Check Pods Manifest.lock";
			outputFileListPaths = (
			);
			outputPaths = (
				"$(DERIVED_FILE_DIR)/Pods-06-earthquakeUITests-checkManifestLockResult.txt",
			);
			runOnlyForDeploymentPostprocessing = 0;
			shellPath = /bin/sh;
			shellScript = "diff \"${PODS_PODFILE_DIR_PATH}/Podfile.lock\" \"${PODS_ROOT}/Manifest.lock\" > /dev/null\nif [ $? != 0 ] ; then\n    # print error to STDERR\n    echo \"error: The sandbox is not in sync with the Podfile.lock. Run 'pod install' or update your CocoaPods installation.\" >&2\n    exit 1\nfi\n# This output is used by Xcode 'outputs' to avoid re-running this script phase.\necho \"SUCCESS\" > \"${SCRIPT_OUTPUT_FILE_0}\"\n";
			showEnvVarsInLog = 0;
		};
		559D88468BD926336292D36C /* [CP] Check Pods Manifest.lock */ = {
			isa = PBXShellScriptBuildPhase;
			buildActionMask = 2147483647;
			files = (
			);
			inputFileListPaths = (
			);
			inputPaths = (
				"${PODS_PODFILE_DIR_PATH}/Podfile.lock",
				"${PODS_ROOT}/Manifest.lock",
			);
			name = "[CP] Check Pods Manifest.lock";
			outputFileListPaths = (
			);
			outputPaths = (
				"$(DERIVED_FILE_DIR)/Pods-06-earthquakeTests-checkManifestLockResult.txt",
			);
			runOnlyForDeploymentPostprocessing = 0;
			shellPath = /bin/sh;
			shellScript = "diff \"${PODS_PODFILE_DIR_PATH}/Podfile.lock\" \"${PODS_ROOT}/Manifest.lock\" > /dev/null\nif [ $? != 0 ] ; then\n    # print error to STDERR\n    echo \"error: The sandbox is not in sync with the Podfile.lock. Run 'pod install' or update your CocoaPods installation.\" >&2\n    exit 1\nfi\n# This output is used by Xcode 'outputs' to avoid re-running this script phase.\necho \"SUCCESS\" > \"${SCRIPT_OUTPUT_FILE_0}\"\n";
			showEnvVarsInLog = 0;
		};
		BC3A80A8192D09F087718B31 /* [CP] Check Pods Manifest.lock */ = {
			isa = PBXShellScriptBuildPhase;
			buildActionMask = 2147483647;
			files = (
			);
			inputFileListPaths = (
			);
			inputPaths = (
				"${PODS_PODFILE_DIR_PATH}/Podfile.lock",
				"${PODS_ROOT}/Manifest.lock",
			);
			name = "[CP] Check Pods Manifest.lock";
			outputFileListPaths = (
			);
			outputPaths = (
				"$(DERIVED_FILE_DIR)/Pods-06-earthquake-checkManifestLockResult.txt",
			);
			runOnlyForDeploymentPostprocessing = 0;
			shellPath = /bin/sh;
			shellScript = "diff \"${PODS_PODFILE_DIR_PATH}/Podfile.lock\" \"${PODS_ROOT}/Manifest.lock\" > /dev/null\nif [ $? != 0 ] ; then\n    # print error to STDERR\n    echo \"error: The sandbox is not in sync with the Podfile.lock. Run 'pod install' or update your CocoaPods installation.\" >&2\n    exit 1\nfi\n# This output is used by Xcode 'outputs' to avoid re-running this script phase.\necho \"SUCCESS\" > \"${SCRIPT_OUTPUT_FILE_0}\"\n";
			showEnvVarsInLog = 0;
		};
		DCBBBF8C107FCCF8F99255D9 /* [CP] Embed Pods Frameworks */ = {
			isa = PBXShellScriptBuildPhase;
			buildActionMask = 2147483647;
			files = (
			);
			inputFileListPaths = (
				"${PODS_ROOT}/Target Support Files/Pods-06-earthquake/Pods-06-earthquake-frameworks-${CONFIGURATION}-input-files.xcfilelist",
			);
			name = "[CP] Embed Pods Frameworks";
			outputFileListPaths = (
				"${PODS_ROOT}/Target Support Files/Pods-06-earthquake/Pods-06-earthquake-frameworks-${CONFIGURATION}-output-files.xcfilelist",
			);
			runOnlyForDeploymentPostprocessing = 0;
			shellPath = /bin/sh;
			shellScript = "\"${PODS_ROOT}/Target Support Files/Pods-06-earthquake/Pods-06-earthquake-frameworks.sh\"\n";
			showEnvVarsInLog = 0;
		};
/* End PBXShellScriptBuildPhase section */

/* Begin PBXSourcesBuildPhase section */
		13C4BD9921F47C1A00060742 /* Sources */ = {
			isa = PBXSourcesBuildPhase;
			buildActionMask = 2147483647;
			files = (
				2195E44F23BB78AE00790DF8 /* PhotoCalloutAccessoryView.swift in Sources */,
				2195E44D23BA3C2B00790DF8 /* Photo.swift in Sources */,
				216A345C2364A06100F3C19E /* IconSettingsViewController.swift in Sources */,
				211BD74F23B7A5CE0062C7CE /* PhotoModel.swift in Sources */,
				211BD74D23B798720062C7CE /* StorageModel.swift in Sources */,
				211BD75123B945EA0062C7CE /* UserManager.swift in Sources */,
				137330C822B334F800889E6F /* AlertDetailController.swift in Sources */,
				2195E45723C0DE0000790DF8 /* MyPageViewController.swift in Sources */,
				13C4BDA521F47C1A00060742 /* HinataViewController.swift in Sources */,
				211BD74B23B78CC50062C7CE /* TabBarController.swift in Sources */,
				13C4BDA121F47C1A00060742 /* AppDelegate.swift in Sources */,
				13C4BDA321F47C1A00060742 /* AlertsViewController.swift in Sources */,
				1367365722BB99C8004E6E0D /* InfoViewController.swift in Sources */,
				21F86B2F23689EFB00BBEAF4 /* IconSettingsRepository.swift in Sources */,
				13BC4FCA22589B35003C240D /* MapViewController.swift in Sources */,
				13C4867F22D07B0500536310 /* IinamiViewController.swift in Sources */,
			);
			runOnlyForDeploymentPostprocessing = 0;
		};
		13C4BDAF21F47C1E00060742 /* Sources */ = {
			isa = PBXSourcesBuildPhase;
			buildActionMask = 2147483647;
			files = (
				13C4BDB821F47C1E00060742 /* _6_earthquakeTests.swift in Sources */,
			);
			runOnlyForDeploymentPostprocessing = 0;
		};
		13C4BDBA21F47C1E00060742 /* Sources */ = {
			isa = PBXSourcesBuildPhase;
			buildActionMask = 2147483647;
			files = (
				13C4BDC321F47C1E00060742 /* _6_earthquakeUITests.swift in Sources */,
			);
			runOnlyForDeploymentPostprocessing = 0;
		};
/* End PBXSourcesBuildPhase section */

/* Begin PBXTargetDependency section */
		13C4BDB521F47C1E00060742 /* PBXTargetDependency */ = {
			isa = PBXTargetDependency;
			target = 13C4BD9C21F47C1A00060742 /* 06-earthquake */;
			targetProxy = 13C4BDB421F47C1E00060742 /* PBXContainerItemProxy */;
		};
		13C4BDC021F47C1E00060742 /* PBXTargetDependency */ = {
			isa = PBXTargetDependency;
			target = 13C4BD9C21F47C1A00060742 /* 06-earthquake */;
			targetProxy = 13C4BDBF21F47C1E00060742 /* PBXContainerItemProxy */;
		};
/* End PBXTargetDependency section */

/* Begin PBXVariantGroup section */
		13C4BDA621F47C1A00060742 /* Main.storyboard */ = {
			isa = PBXVariantGroup;
			children = (
				13C4BDA721F47C1A00060742 /* Base */,
			);
			name = Main.storyboard;
			sourceTree = "<group>";
		};
		13C4BDAB21F47C1D00060742 /* LaunchScreen.storyboard */ = {
			isa = PBXVariantGroup;
			children = (
				13C4BDAC21F47C1D00060742 /* Base */,
			);
			name = LaunchScreen.storyboard;
			sourceTree = "<group>";
		};
/* End PBXVariantGroup section */

/* Begin XCBuildConfiguration section */
		13C4BDC521F47C1E00060742 /* Debug */ = {
			isa = XCBuildConfiguration;
			buildSettings = {
				ALWAYS_SEARCH_USER_PATHS = NO;
				CLANG_ANALYZER_NONNULL = YES;
				CLANG_ANALYZER_NUMBER_OBJECT_CONVERSION = YES_AGGRESSIVE;
				CLANG_CXX_LANGUAGE_STANDARD = "gnu++14";
				CLANG_CXX_LIBRARY = "libc++";
				CLANG_ENABLE_MODULES = YES;
				CLANG_ENABLE_OBJC_ARC = YES;
				CLANG_ENABLE_OBJC_WEAK = YES;
				CLANG_WARN_BLOCK_CAPTURE_AUTORELEASING = YES;
				CLANG_WARN_BOOL_CONVERSION = YES;
				CLANG_WARN_COMMA = YES;
				CLANG_WARN_CONSTANT_CONVERSION = YES;
				CLANG_WARN_DEPRECATED_OBJC_IMPLEMENTATIONS = YES;
				CLANG_WARN_DIRECT_OBJC_ISA_USAGE = YES_ERROR;
				CLANG_WARN_DOCUMENTATION_COMMENTS = YES;
				CLANG_WARN_EMPTY_BODY = YES;
				CLANG_WARN_ENUM_CONVERSION = YES;
				CLANG_WARN_INFINITE_RECURSION = YES;
				CLANG_WARN_INT_CONVERSION = YES;
				CLANG_WARN_NON_LITERAL_NULL_CONVERSION = YES;
				CLANG_WARN_OBJC_IMPLICIT_RETAIN_SELF = YES;
				CLANG_WARN_OBJC_LITERAL_CONVERSION = YES;
				CLANG_WARN_OBJC_ROOT_CLASS = YES_ERROR;
				CLANG_WARN_RANGE_LOOP_ANALYSIS = YES;
				CLANG_WARN_STRICT_PROTOTYPES = YES;
				CLANG_WARN_SUSPICIOUS_MOVE = YES;
				CLANG_WARN_UNGUARDED_AVAILABILITY = YES_AGGRESSIVE;
				CLANG_WARN_UNREACHABLE_CODE = YES;
				CLANG_WARN__DUPLICATE_METHOD_MATCH = YES;
				CODE_SIGN_IDENTITY = "iPhone Developer";
				COPY_PHASE_STRIP = NO;
				DEBUG_INFORMATION_FORMAT = dwarf;
				ENABLE_STRICT_OBJC_MSGSEND = YES;
				ENABLE_TESTABILITY = YES;
				GCC_C_LANGUAGE_STANDARD = gnu11;
				GCC_DYNAMIC_NO_PIC = NO;
				GCC_NO_COMMON_BLOCKS = YES;
				GCC_OPTIMIZATION_LEVEL = 0;
				GCC_PREPROCESSOR_DEFINITIONS = (
					"DEBUG=1",
					"$(inherited)",
				);
				GCC_WARN_64_TO_32_BIT_CONVERSION = YES;
				GCC_WARN_ABOUT_RETURN_TYPE = YES_ERROR;
				GCC_WARN_UNDECLARED_SELECTOR = YES;
				GCC_WARN_UNINITIALIZED_AUTOS = YES_AGGRESSIVE;
				GCC_WARN_UNUSED_FUNCTION = YES;
				GCC_WARN_UNUSED_VARIABLE = YES;
				IPHONEOS_DEPLOYMENT_TARGET = 12.1;
				MTL_ENABLE_DEBUG_INFO = INCLUDE_SOURCE;
				MTL_FAST_MATH = YES;
				ONLY_ACTIVE_ARCH = YES;
				SDKROOT = iphoneos;
				SWIFT_ACTIVE_COMPILATION_CONDITIONS = DEBUG;
				SWIFT_OPTIMIZATION_LEVEL = "-Onone";
			};
			name = Debug;
		};
		13C4BDC621F47C1E00060742 /* Release */ = {
			isa = XCBuildConfiguration;
			buildSettings = {
				ALWAYS_SEARCH_USER_PATHS = NO;
				CLANG_ANALYZER_NONNULL = YES;
				CLANG_ANALYZER_NUMBER_OBJECT_CONVERSION = YES_AGGRESSIVE;
				CLANG_CXX_LANGUAGE_STANDARD = "gnu++14";
				CLANG_CXX_LIBRARY = "libc++";
				CLANG_ENABLE_MODULES = YES;
				CLANG_ENABLE_OBJC_ARC = YES;
				CLANG_ENABLE_OBJC_WEAK = YES;
				CLANG_WARN_BLOCK_CAPTURE_AUTORELEASING = YES;
				CLANG_WARN_BOOL_CONVERSION = YES;
				CLANG_WARN_COMMA = YES;
				CLANG_WARN_CONSTANT_CONVERSION = YES;
				CLANG_WARN_DEPRECATED_OBJC_IMPLEMENTATIONS = YES;
				CLANG_WARN_DIRECT_OBJC_ISA_USAGE = YES_ERROR;
				CLANG_WARN_DOCUMENTATION_COMMENTS = YES;
				CLANG_WARN_EMPTY_BODY = YES;
				CLANG_WARN_ENUM_CONVERSION = YES;
				CLANG_WARN_INFINITE_RECURSION = YES;
				CLANG_WARN_INT_CONVERSION = YES;
				CLANG_WARN_NON_LITERAL_NULL_CONVERSION = YES;
				CLANG_WARN_OBJC_IMPLICIT_RETAIN_SELF = YES;
				CLANG_WARN_OBJC_LITERAL_CONVERSION = YES;
				CLANG_WARN_OBJC_ROOT_CLASS = YES_ERROR;
				CLANG_WARN_RANGE_LOOP_ANALYSIS = YES;
				CLANG_WARN_STRICT_PROTOTYPES = YES;
				CLANG_WARN_SUSPICIOUS_MOVE = YES;
				CLANG_WARN_UNGUARDED_AVAILABILITY = YES_AGGRESSIVE;
				CLANG_WARN_UNREACHABLE_CODE = YES;
				CLANG_WARN__DUPLICATE_METHOD_MATCH = YES;
				CODE_SIGN_IDENTITY = "iPhone Developer";
				COPY_PHASE_STRIP = NO;
				DEBUG_INFORMATION_FORMAT = "dwarf-with-dsym";
				ENABLE_NS_ASSERTIONS = NO;
				ENABLE_STRICT_OBJC_MSGSEND = YES;
				GCC_C_LANGUAGE_STANDARD = gnu11;
				GCC_NO_COMMON_BLOCKS = YES;
				GCC_WARN_64_TO_32_BIT_CONVERSION = YES;
				GCC_WARN_ABOUT_RETURN_TYPE = YES_ERROR;
				GCC_WARN_UNDECLARED_SELECTOR = YES;
				GCC_WARN_UNINITIALIZED_AUTOS = YES_AGGRESSIVE;
				GCC_WARN_UNUSED_FUNCTION = YES;
				GCC_WARN_UNUSED_VARIABLE = YES;
				IPHONEOS_DEPLOYMENT_TARGET = 12.1;
				MTL_ENABLE_DEBUG_INFO = NO;
				MTL_FAST_MATH = YES;
				SDKROOT = iphoneos;
				SWIFT_COMPILATION_MODE = wholemodule;
				SWIFT_OPTIMIZATION_LEVEL = "-O";
				VALIDATE_PRODUCT = YES;
			};
			name = Release;
		};
		13C4BDC821F47C1E00060742 /* Debug */ = {
			isa = XCBuildConfiguration;
			baseConfigurationReference = E93E1C8DEC7130549F643B5C /* Pods-06-earthquake.debug.xcconfig */;
			buildSettings = {
				ASSETCATALOG_COMPILER_APPICON_NAME = AppIcon;
				CODE_SIGN_ENTITLEMENTS = "06-earthquake/宮崎津波防災.entitlements";
				CODE_SIGN_IDENTITY = "Apple Development";
				CODE_SIGN_STYLE = Automatic;
				CURRENT_PROJECT_VERSION = 12;
				DEVELOPMENT_TEAM = NU78774256;
				INFOPLIST_FILE = "06-earthquake/Info.plist";
				IPHONEOS_DEPLOYMENT_TARGET = 11.0;
				LD_RUNPATH_SEARCH_PATHS = (
					"$(inherited)",
					"@executable_path/Frameworks",
				);
				MARKETING_VERSION = 1.3.1;
				PRODUCT_BUNDLE_IDENTIFIER = "net.lmlab.m-tsunami";
				PRODUCT_NAME = "宮崎津波防災";
				PROVISIONING_PROFILE_SPECIFIER = "";
				SWIFT_VERSION = 5.0;
				TARGETED_DEVICE_FAMILY = 1;
			};
			name = Debug;
		};
		13C4BDC921F47C1E00060742 /* Release */ = {
			isa = XCBuildConfiguration;
			baseConfigurationReference = BACB7C1B3E8CE0C448FFC1F7 /* Pods-06-earthquake.release.xcconfig */;
			buildSettings = {
				ASSETCATALOG_COMPILER_APPICON_NAME = AppIcon;
				CODE_SIGN_ENTITLEMENTS = "06-earthquake/宮崎津波防災.entitlements";
				CODE_SIGN_IDENTITY = "Apple Development";
				CODE_SIGN_STYLE = Automatic;
				CURRENT_PROJECT_VERSION = 12;
				DEVELOPMENT_TEAM = NU78774256;
				INFOPLIST_FILE = "06-earthquake/Info.plist";
				IPHONEOS_DEPLOYMENT_TARGET = 11.0;
				LD_RUNPATH_SEARCH_PATHS = (
					"$(inherited)",
					"@executable_path/Frameworks",
				);
				MARKETING_VERSION = 1.3.1;
				PRODUCT_BUNDLE_IDENTIFIER = "net.lmlab.m-tsunami";
				PRODUCT_NAME = "宮崎津波防災";
				PROVISIONING_PROFILE_SPECIFIER = "";
				SWIFT_VERSION = 5.0;
				TARGETED_DEVICE_FAMILY = 1;
			};
			name = Release;
		};
		13C4BDCB21F47C1E00060742 /* Debug */ = {
			isa = XCBuildConfiguration;
			baseConfigurationReference = 9A128126400C5E4FB76A95DE /* Pods-06-earthquakeTests.debug.xcconfig */;
			buildSettings = {
				ALWAYS_EMBED_SWIFT_STANDARD_LIBRARIES = YES;
				BUNDLE_LOADER = "$(TEST_HOST)";
				CODE_SIGN_STYLE = Automatic;
				DEVELOPMENT_TEAM = NU78774256;
				INFOPLIST_FILE = "06-earthquakeTests/Info.plist";
				LD_RUNPATH_SEARCH_PATHS = (
					"$(inherited)",
					"@executable_path/Frameworks",
					"@loader_path/Frameworks",
				);
				PRODUCT_BUNDLE_IDENTIFIER = "net.lmlab.06-earthquake.-6-earthquakeTests";
				PRODUCT_NAME = "$(TARGET_NAME)";
				SWIFT_VERSION = 5.0;
				TARGETED_DEVICE_FAMILY = "1,2";
				TEST_HOST = "$(BUILT_PRODUCTS_DIR)/宮崎津波防災.app/宮崎津波防災";
			};
			name = Debug;
		};
		13C4BDCC21F47C1E00060742 /* Release */ = {
			isa = XCBuildConfiguration;
			baseConfigurationReference = BBD3566B8B7141E2C40190CE /* Pods-06-earthquakeTests.release.xcconfig */;
			buildSettings = {
				ALWAYS_EMBED_SWIFT_STANDARD_LIBRARIES = YES;
				BUNDLE_LOADER = "$(TEST_HOST)";
				CODE_SIGN_STYLE = Automatic;
				DEVELOPMENT_TEAM = NU78774256;
				INFOPLIST_FILE = "06-earthquakeTests/Info.plist";
				LD_RUNPATH_SEARCH_PATHS = (
					"$(inherited)",
					"@executable_path/Frameworks",
					"@loader_path/Frameworks",
				);
				PRODUCT_BUNDLE_IDENTIFIER = "net.lmlab.06-earthquake.-6-earthquakeTests";
				PRODUCT_NAME = "$(TARGET_NAME)";
				SWIFT_VERSION = 5.0;
				TARGETED_DEVICE_FAMILY = "1,2";
				TEST_HOST = "$(BUILT_PRODUCTS_DIR)/宮崎津波防災.app/宮崎津波防災";
			};
			name = Release;
		};
		13C4BDCE21F47C1E00060742 /* Debug */ = {
			isa = XCBuildConfiguration;
			baseConfigurationReference = 2BC33355604A389628E0DA61 /* Pods-06-earthquakeUITests.debug.xcconfig */;
			buildSettings = {
				ALWAYS_EMBED_SWIFT_STANDARD_LIBRARIES = YES;
				CODE_SIGN_STYLE = Automatic;
				DEVELOPMENT_TEAM = NU78774256;
				INFOPLIST_FILE = "06-earthquakeUITests/Info.plist";
				LD_RUNPATH_SEARCH_PATHS = (
					"$(inherited)",
					"@executable_path/Frameworks",
					"@loader_path/Frameworks",
				);
				PRODUCT_BUNDLE_IDENTIFIER = "net.lmlab.06-earthquake.-6-earthquakeUITests";
				PRODUCT_NAME = "$(TARGET_NAME)";
				SWIFT_VERSION = 5.0;
				TARGETED_DEVICE_FAMILY = "1,2";
				TEST_TARGET_NAME = "06-earthquake";
			};
			name = Debug;
		};
		13C4BDCF21F47C1E00060742 /* Release */ = {
			isa = XCBuildConfiguration;
			baseConfigurationReference = 263ADEFEA0C6436DE9D436C4 /* Pods-06-earthquakeUITests.release.xcconfig */;
			buildSettings = {
				ALWAYS_EMBED_SWIFT_STANDARD_LIBRARIES = YES;
				CODE_SIGN_STYLE = Automatic;
				DEVELOPMENT_TEAM = NU78774256;
				INFOPLIST_FILE = "06-earthquakeUITests/Info.plist";
				LD_RUNPATH_SEARCH_PATHS = (
					"$(inherited)",
					"@executable_path/Frameworks",
					"@loader_path/Frameworks",
				);
				PRODUCT_BUNDLE_IDENTIFIER = "net.lmlab.06-earthquake.-6-earthquakeUITests";
				PRODUCT_NAME = "$(TARGET_NAME)";
				SWIFT_VERSION = 5.0;
				TARGETED_DEVICE_FAMILY = "1,2";
				TEST_TARGET_NAME = "06-earthquake";
			};
			name = Release;
		};
/* End XCBuildConfiguration section */

/* Begin XCConfigurationList section */
		13C4BD9821F47C1A00060742 /* Build configuration list for PBXProject "m-tsunami-ios" */ = {
			isa = XCConfigurationList;
			buildConfigurations = (
				13C4BDC521F47C1E00060742 /* Debug */,
				13C4BDC621F47C1E00060742 /* Release */,
			);
			defaultConfigurationIsVisible = 0;
			defaultConfigurationName = Release;
		};
		13C4BDC721F47C1E00060742 /* Build configuration list for PBXNativeTarget "06-earthquake" */ = {
			isa = XCConfigurationList;
			buildConfigurations = (
				13C4BDC821F47C1E00060742 /* Debug */,
				13C4BDC921F47C1E00060742 /* Release */,
			);
			defaultConfigurationIsVisible = 0;
			defaultConfigurationName = Release;
		};
		13C4BDCA21F47C1E00060742 /* Build configuration list for PBXNativeTarget "06-earthquakeTests" */ = {
			isa = XCConfigurationList;
			buildConfigurations = (
				13C4BDCB21F47C1E00060742 /* Debug */,
				13C4BDCC21F47C1E00060742 /* Release */,
			);
			defaultConfigurationIsVisible = 0;
			defaultConfigurationName = Release;
		};
		13C4BDCD21F47C1E00060742 /* Build configuration list for PBXNativeTarget "06-earthquakeUITests" */ = {
			isa = XCConfigurationList;
			buildConfigurations = (
				13C4BDCE21F47C1E00060742 /* Debug */,
				13C4BDCF21F47C1E00060742 /* Release */,
			);
			defaultConfigurationIsVisible = 0;
			defaultConfigurationName = Release;
		};
/* End XCConfigurationList section */
	};
	rootObject = 13C4BD9521F47C1A00060742 /* Project object */;
}
